
Microsoft Visual Studio Solution File, Format Version 12.00
# Visual Studio Version 16
VisualStudioVersion = 16.0.31410.357
MinimumVisualStudioVersion = 10.0.40219.1
Project("{FAE04EC0-301F-11D3-BF4B-00C04F79EFBC}") = "Atividade 1", "Atividade 1\Atividade 1.csproj", "{52074104-B17C-4667-AF93-A10B180E28C1}"
EndProject
Global
	GlobalSection(SolutionConfigurationPlatforms) = preSolution
		Debug|Any CPU = Debug|Any CPU
		Release|Any CPU = Release|Any CPU
	EndGlobalSection
	GlobalSection(ProjectConfigurationPlatforms) = postSolution
		{52074104-B17C-4667-AF93-A10B180E28C1}.Debug|Any CPU.ActiveCfg = Debug|Any CPU
		{52074104-B17C-4667-AF93-A10B180E28C1}.Debug|Any CPU.Build.0 = Debug|Any CPU
		{52074104-B17C-4667-AF93-A10B180E28C1}.Release|Any CPU.ActiveCfg = Release|Any CPU
		{52074104-B17C-4667-AF93-A10B180E28C1}.Release|Any CPU.Build.0 = Release|Any CPU
	EndGlobalSection
	GlobalSection(SolutionProperties) = preSolution
		HideSolutionNode = FALSE
	EndGlobalSection
	GlobalSection(ExtensibilityGlobals) = postSolution
		SolutionGuid = {FD391E73-F87C-4A01-8677-3D559916C544}
	EndGlobalSection
EndGlobal
