
Microsoft Visual Studio Solution File, Format Version 12.00
# Visual Studio Version 16
VisualStudioVersion = 16.0.31410.357
MinimumVisualStudioVersion = 10.0.40219.1
Project("{FAE04EC0-301F-11D3-BF4B-00C04F79EFBC}") = "Atividade 5", "Atividade 5\Atividade 5.csproj", "{8BBB3582-9811-4F31-8175-A603B78DE9CB}"
EndProject
Global
	GlobalSection(SolutionConfigurationPlatforms) = preSolution
		Debug|Any CPU = Debug|Any CPU
		Release|Any CPU = Release|Any CPU
	EndGlobalSection
	GlobalSection(ProjectConfigurationPlatforms) = postSolution
		{8BBB3582-9811-4F31-8175-A603B78DE9CB}.Debug|Any CPU.ActiveCfg = Debug|Any CPU
		{8BBB3582-9811-4F31-8175-A603B78DE9CB}.Debug|Any CPU.Build.0 = Debug|Any CPU
		{8BBB3582-9811-4F31-8175-A603B78DE9CB}.Release|Any CPU.ActiveCfg = Release|Any CPU
		{8BBB3582-9811-4F31-8175-A603B78DE9CB}.Release|Any CPU.Build.0 = Release|Any CPU
	EndGlobalSection
	GlobalSection(SolutionProperties) = preSolution
		HideSolutionNode = FALSE
	EndGlobalSection
	GlobalSection(ExtensibilityGlobals) = postSolution
		SolutionGuid = {DE91E5F8-BFF0-4E13-B4D4-621CC467DE9C}
	EndGlobalSection
EndGlobal
