
Microsoft Visual Studio Solution File, Format Version 12.00
# Visual Studio Version 16
VisualStudioVersion = 16.0.31410.357
MinimumVisualStudioVersion = 10.0.40219.1
Project("{FAE04EC0-301F-11D3-BF4B-00C04F79EFBC}") = "Atividade 2", "Atividade 2\Atividade 2.csproj", "{2A6C1E34-16CC-406D-8C7B-E0B8ACCF68D8}"
EndProject
Global
	GlobalSection(SolutionConfigurationPlatforms) = preSolution
		Debug|Any CPU = Debug|Any CPU
		Release|Any CPU = Release|Any CPU
	EndGlobalSection
	GlobalSection(ProjectConfigurationPlatforms) = postSolution
		{2A6C1E34-16CC-406D-8C7B-E0B8ACCF68D8}.Debug|Any CPU.ActiveCfg = Debug|Any CPU
		{2A6C1E34-16CC-406D-8C7B-E0B8ACCF68D8}.Debug|Any CPU.Build.0 = Debug|Any CPU
		{2A6C1E34-16CC-406D-8C7B-E0B8ACCF68D8}.Release|Any CPU.ActiveCfg = Release|Any CPU
		{2A6C1E34-16CC-406D-8C7B-E0B8ACCF68D8}.Release|Any CPU.Build.0 = Release|Any CPU
	EndGlobalSection
	GlobalSection(SolutionProperties) = preSolution
		HideSolutionNode = FALSE
	EndGlobalSection
	GlobalSection(ExtensibilityGlobals) = postSolution
		SolutionGuid = {D1E906D6-AA54-4AA2-80F8-5685C9AC759D}
	EndGlobalSection
EndGlobal
