
Microsoft Visual Studio Solution File, Format Version 12.00
# Visual Studio Version 16
VisualStudioVersion = 16.0.31410.357
MinimumVisualStudioVersion = 10.0.40219.1
Project("{FAE04EC0-301F-11D3-BF4B-00C04F79EFBC}") = "Operador Mod", "Operador Mod\Operador Mod.csproj", "{1A6F6A86-9BF6-4DFE-85CB-01877C2802E8}"
EndProject
Global
	GlobalSection(SolutionConfigurationPlatforms) = preSolution
		Debug|Any CPU = Debug|Any CPU
		Release|Any CPU = Release|Any CPU
	EndGlobalSection
	GlobalSection(ProjectConfigurationPlatforms) = postSolution
		{1A6F6A86-9BF6-4DFE-85CB-01877C2802E8}.Debug|Any CPU.ActiveCfg = Debug|Any CPU
		{1A6F6A86-9BF6-4DFE-85CB-01877C2802E8}.Debug|Any CPU.Build.0 = Debug|Any CPU
		{1A6F6A86-9BF6-4DFE-85CB-01877C2802E8}.Release|Any CPU.ActiveCfg = Release|Any CPU
		{1A6F6A86-9BF6-4DFE-85CB-01877C2802E8}.Release|Any CPU.Build.0 = Release|Any CPU
	EndGlobalSection
	GlobalSection(SolutionProperties) = preSolution
		HideSolutionNode = FALSE
	EndGlobalSection
	GlobalSection(ExtensibilityGlobals) = postSolution
		SolutionGuid = {61AB82CB-1C7C-433D-975A-2B40B69A91D3}
	EndGlobalSection
EndGlobal
