
Microsoft Visual Studio Solution File, Format Version 12.00
# Visual Studio Version 16
VisualStudioVersion = 16.0.31410.357
MinimumVisualStudioVersion = 10.0.40219.1
Project("{FAE04EC0-301F-11D3-BF4B-00C04F79EFBC}") = "Atividade 6", "Atividade 6\Atividade 6.csproj", "{6FAF9A84-2490-42B6-9475-9D0794DCEE2E}"
EndProject
Global
	GlobalSection(SolutionConfigurationPlatforms) = preSolution
		Debug|Any CPU = Debug|Any CPU
		Release|Any CPU = Release|Any CPU
	EndGlobalSection
	GlobalSection(ProjectConfigurationPlatforms) = postSolution
		{6FAF9A84-2490-42B6-9475-9D0794DCEE2E}.Debug|Any CPU.ActiveCfg = Debug|Any CPU
		{6FAF9A84-2490-42B6-9475-9D0794DCEE2E}.Debug|Any CPU.Build.0 = Debug|Any CPU
		{6FAF9A84-2490-42B6-9475-9D0794DCEE2E}.Release|Any CPU.ActiveCfg = Release|Any CPU
		{6FAF9A84-2490-42B6-9475-9D0794DCEE2E}.Release|Any CPU.Build.0 = Release|Any CPU
	EndGlobalSection
	GlobalSection(SolutionProperties) = preSolution
		HideSolutionNode = FALSE
	EndGlobalSection
	GlobalSection(ExtensibilityGlobals) = postSolution
		SolutionGuid = {6B27965A-5BAD-4F7A-BB25-998AA5925E37}
	EndGlobalSection
EndGlobal
