
Microsoft Visual Studio Solution File, Format Version 12.00
# Visual Studio Version 16
VisualStudioVersion = 16.0.31410.357
MinimumVisualStudioVersion = 10.0.40219.1
Project("{FAE04EC0-301F-11D3-BF4B-00C04F79EFBC}") = "Atividade 4", "Atividade 4\Atividade 4.csproj", "{313F567C-C887-41E7-8738-20B679BB8E4F}"
EndProject
Global
	GlobalSection(SolutionConfigurationPlatforms) = preSolution
		Debug|Any CPU = Debug|Any CPU
		Release|Any CPU = Release|Any CPU
	EndGlobalSection
	GlobalSection(ProjectConfigurationPlatforms) = postSolution
		{313F567C-C887-41E7-8738-20B679BB8E4F}.Debug|Any CPU.ActiveCfg = Debug|Any CPU
		{313F567C-C887-41E7-8738-20B679BB8E4F}.Debug|Any CPU.Build.0 = Debug|Any CPU
		{313F567C-C887-41E7-8738-20B679BB8E4F}.Release|Any CPU.ActiveCfg = Release|Any CPU
		{313F567C-C887-41E7-8738-20B679BB8E4F}.Release|Any CPU.Build.0 = Release|Any CPU
	EndGlobalSection
	GlobalSection(SolutionProperties) = preSolution
		HideSolutionNode = FALSE
	EndGlobalSection
	GlobalSection(ExtensibilityGlobals) = postSolution
		SolutionGuid = {DCD6D020-DA9E-4A59-A814-23B2B2476E70}
	EndGlobalSection
EndGlobal
