
Microsoft Visual Studio Solution File, Format Version 12.00
# Visual Studio Version 16
VisualStudioVersion = 16.0.31410.357
MinimumVisualStudioVersion = 10.0.40219.1
Project("{FAE04EC0-301F-11D3-BF4B-00C04F79EFBC}") = "Atividade 2", "Atividade 2\Atividade 2.csproj", "{BE1AD917-A0C7-469C-9A55-D08F6C23FC04}"
EndProject
Global
	GlobalSection(SolutionConfigurationPlatforms) = preSolution
		Debug|Any CPU = Debug|Any CPU
		Release|Any CPU = Release|Any CPU
	EndGlobalSection
	GlobalSection(ProjectConfigurationPlatforms) = postSolution
		{BE1AD917-A0C7-469C-9A55-D08F6C23FC04}.Debug|Any CPU.ActiveCfg = Debug|Any CPU
		{BE1AD917-A0C7-469C-9A55-D08F6C23FC04}.Debug|Any CPU.Build.0 = Debug|Any CPU
		{BE1AD917-A0C7-469C-9A55-D08F6C23FC04}.Release|Any CPU.ActiveCfg = Release|Any CPU
		{BE1AD917-A0C7-469C-9A55-D08F6C23FC04}.Release|Any CPU.Build.0 = Release|Any CPU
	EndGlobalSection
	GlobalSection(SolutionProperties) = preSolution
		HideSolutionNode = FALSE
	EndGlobalSection
	GlobalSection(ExtensibilityGlobals) = postSolution
		SolutionGuid = {912CA9E8-4CE3-4B5C-93E4-4271597A8E39}
	EndGlobalSection
EndGlobal
