
Microsoft Visual Studio Solution File, Format Version 12.00
# Visual Studio Version 16
VisualStudioVersion = 16.0.31410.357
MinimumVisualStudioVersion = 10.0.40219.1
Project("{FAE04EC0-301F-11D3-BF4B-00C04F79EFBC}") = "Atividade 2", "Atividade 2\Atividade 2.csproj", "{C85B5263-1CF1-4A6D-9EA6-4AE4A9187098}"
EndProject
Global
	GlobalSection(SolutionConfigurationPlatforms) = preSolution
		Debug|Any CPU = Debug|Any CPU
		Release|Any CPU = Release|Any CPU
	EndGlobalSection
	GlobalSection(ProjectConfigurationPlatforms) = postSolution
		{C85B5263-1CF1-4A6D-9EA6-4AE4A9187098}.Debug|Any CPU.ActiveCfg = Debug|Any CPU
		{C85B5263-1CF1-4A6D-9EA6-4AE4A9187098}.Debug|Any CPU.Build.0 = Debug|Any CPU
		{C85B5263-1CF1-4A6D-9EA6-4AE4A9187098}.Release|Any CPU.ActiveCfg = Release|Any CPU
		{C85B5263-1CF1-4A6D-9EA6-4AE4A9187098}.Release|Any CPU.Build.0 = Release|Any CPU
	EndGlobalSection
	GlobalSection(SolutionProperties) = preSolution
		HideSolutionNode = FALSE
	EndGlobalSection
	GlobalSection(ExtensibilityGlobals) = postSolution
		SolutionGuid = {95719D3A-E808-4915-B4F3-14808D810FD2}
	EndGlobalSection
EndGlobal
